// !$*UTF8*$!
{
	archiveVersion = 1;
	classes = {
	};
	objectVersion = 46;
	objects = {

/* Begin PBXBuildFile section */
		ED0EA5541E7E9307001B952C /* AppDelegate.swift in Sources */ = {isa = PBXBuildFile; fileRef = ED0EA5531E7E9307001B952C /* AppDelegate.swift */; };
		ED0EA5561E7E9307001B952C /* ViewController.swift in Sources */ = {isa = PBXBuildFile; fileRef = ED0EA5551E7E9307001B952C /* ViewController.swift */; };
		ED0EA5591E7E9307001B952C /* Main.storyboard in Resources */ = {isa = PBXBuildFile; fileRef = ED0EA5571E7E9307001B952C /* Main.storyboard */; };
		ED0EA55B1E7E9307001B952C /* Assets.xcassets in Resources */ = {isa = PBXBuildFile; fileRef = ED0EA55A1E7E9307001B952C /* Assets.xcassets */; };
		ED0EA55E1E7E9307001B952C /* LaunchScreen.storyboard in Resources */ = {isa = PBXBuildFile; fileRef = ED0EA55C1E7E9307001B952C /* LaunchScreen.storyboard */; };
		EDE122EC1E7E96A500496774 /* thanks.html in Resources */ = {isa = PBXBuildFile; fileRef = EDE122EB1E7E96A500496774 /* thanks.html */; };
/* End PBXBuildFile section */

/* Begin PBXFileReference section */
		ED0EA5501E7E9307001B952C /* Wonderland-Easter-Egg.app */ = {isa = PBXFileReference; explicitFileType = wrapper.application; includeInIndex = 0; path = "Wonderland-Easter-Egg.app"; sourceTree = BUILT_PRODUCTS_DIR; };
		ED0EA5531E7E9307001B952C /* AppDelegate.swift */ = {isa = PBXFileReference; lastKnownFileType = sourcecode.swift; path = AppDelegate.swift; sourceTree = "<group>"; };
		ED0EA5551E7E9307001B952C /* ViewController.swift */ = {isa = PBXFileReference; lastKnownFileType = sourcecode.swift; path = ViewController.swift; sourceTree = "<group>"; };
		ED0EA5581E7E9307001B952C /* Base */ = {isa = PBXFileReference; lastKnownFileType = file.storyboard; name = Base; path = Base.lproj/Main.storyboard; sourceTree = "<group>"; };
		ED0EA55A1E7E9307001B952C /* Assets.xcassets */ = {isa = PBXFileReference; lastKnownFileType = folder.assetcatalog; path = Assets.xcassets; sourceTree = "<group>"; };
		ED0EA55D1E7E9307001B952C /* Base */ = {isa = PBXFileReference; lastKnownFileType = file.storyboard; name = Base; path = Base.lproj/LaunchScreen.storyboard; sourceTree = "<group>"; };
		ED0EA55F1E7E9307001B952C /* Info.plist */ = {isa = PBXFileReference; lastKnownFileType = text.plist.xml; path = Info.plist; sourceTree = "<group>"; };
		EDE122EB1E7E96A500496774 /* thanks.html */ = {isa = PBXFileReference; fileEncoding = 4; lastKnownFileType = text.html; path = thanks.html; sourceTree = "<group>"; };
/* End PBXFileReference section */

/* Begin PBXFrameworksBuildPhase section */
		ED0EA54D1E7E9307001B952C /* Frameworks */ = {
			isa = PBXFrameworksBuildPhase;
			buildActionMask = 2147483647;
			files = (
			);
			runOnlyForDeploymentPostprocessing = 0;
		};
/* End PBXFrameworksBuildPhase section */

/* Begin PBXGroup section */
		ED0EA5471E7E9307001B952C = {
			isa = PBXGroup;
			children = (
				ED0EA5521E7E9307001B952C /* Wonderland-Easter-Egg */,
				ED0EA5511E7E9307001B952C /* Products */,
			);
			sourceTree = "<group>";
		};
		ED0EA5511E7E9307001B952C /* Products */ = {
			isa = PBXGroup;
			children = (
				ED0EA5501E7E9307001B952C /* Wonderland-Easter-Egg.app */,
			);
			name = Products;
			sourceTree = "<group>";
		};
		ED0EA5521E7E9307001B952C /* Wonderland-Easter-Egg */ = {
			isa = PBXGroup;
			children = (
				ED0EA5531E7E9307001B952C /* AppDelegate.swift */,
				ED0EA5551E7E9307001B952C /* ViewController.swift */,
				ED0EA5571E7E9307001B952C /* Main.storyboard */,
				ED0EA55A1E7E9307001B952C /* Assets.xcassets */,
				ED0EA55C1E7E9307001B952C /* LaunchScreen.storyboard */,
				ED0EA55F1E7E9307001B952C /* Info.plist */,
				EDE122EB1E7E96A500496774 /* thanks.html */,
			);
			path = "Wonderland-Easter-Egg";
			sourceTree = "<group>";
		};
/* End PBXGroup section */

/* Begin PBXNativeTarget section */
		ED0EA54F1E7E9307001B952C /* Wonderland-Easter-Egg */ = {
			isa = PBXNativeTarget;
			buildConfigurationList = ED0EA5621E7E9307001B952C /* Build configuration list for PBXNativeTarget "Wonderland-Easter-Egg" */;
			buildPhases = (
				ED0EA54C1E7E9307001B952C /* Sources */,
				ED0EA54D1E7E9307001B952C /* Frameworks */,
				ED0EA54E1E7E9307001B952C /* Resources */,
			);
			buildRules = (
			);
			dependencies = (
			);
			name = "Wonderland-Easter-Egg";
			productName = "Wonderland-Easter-Egg";
			productReference = ED0EA5501E7E9307001B952C /* Wonderland-Easter-Egg.app */;
			productType = "com.apple.product-type.application";
		};
/* End PBXNativeTarget section */

/* Begin PBXProject section */
		ED0EA5481E7E9307001B952C /* Project object */ = {
			isa = PBXProject;
			attributes = {
				LastSwiftUpdateCheck = 0820;
				LastUpgradeCheck = 0820;
				ORGANIZATIONNAME = "Hangzhou Tomorning Technology Co., Ltd.";
				TargetAttributes = {
					ED0EA54F1E7E9307001B952C = {
						CreatedOnToolsVersion = 8.2.1;
						DevelopmentTeam = RVRG597GCP;
						ProvisioningStyle = Automatic;
					};
				};
			};
			buildConfigurationList = ED0EA54B1E7E9307001B952C /* Build configuration list for PBXProject "Wonderland-Easter-Egg" */;
			compatibilityVersion = "Xcode 3.2";
			developmentRegion = English;
			hasScannedForEncodings = 0;
			knownRegions = (
				en,
				Base,
			);
			mainGroup = ED0EA5471E7E9307001B952C;
			productRefGroup = ED0EA5511E7E9307001B952C /* Products */;
			projectDirPath = "";
			projectRoot = "";
			targets = (
				ED0EA54F1E7E9307001B952C /* Wonderland-Easter-Egg */,
			);
		};
/* End PBXProject section */

/* Begin PBXResourcesBuildPhase section */
		ED0EA54E1E7E9307001B952C /* Resources */ = {
			isa = PBXResourcesBuildPhase;
			buildActionMask = 2147483647;
			files = (
				ED0EA55E1E7E9307001B952C /* LaunchScreen.storyboard in Resources */,
				ED0EA55B1E7E9307001B952C /* Assets.xcassets in Resources */,
				ED0EA5591E7E9307001B952C /* Main.storyboard in Resources */,
				EDE122EC1E7E96A500496774 /* thanks.html in Resources */,
			);
			runOnlyForDeploymentPostprocessing = 0;
		};
/* End PBXResourcesBuildPhase section */

/* Begin PBXSourcesBuildPhase section */
		ED0EA54C1E7E9307001B952C /* Sources */ = {
			isa = PBXSourcesBuildPhase;
			buildActionMask = 2147483647;
			files = (
				ED0EA5561E7E9307001B952C /* ViewController.swift in Sources */,
				ED0EA5541E7E9307001B952C /* AppDelegate.swift in Sources */,
			);
			runOnlyForDeploymentPostprocessing = 0;
		};
/* End PBXSourcesBuildPhase section */

/* Begin PBXVariantGroup section */
		ED0EA5571E7E9307001B952C /* Main.storyboard */ = {
			isa = PBXVariantGroup;
			children = (
				ED0EA5581E7E9307001B952C /* Base */,
			);
			name = Main.storyboard;
			sourceTree = "<group>";
		};
		ED0EA55C1E7E9307001B952C /* LaunchScreen.storyboard */ = {
			isa = PBXVariantGroup;
			children = (
				ED0EA55D1E7E9307001B952C /* Base */,
			);
			name = LaunchScreen.storyboard;
			sourceTree = "<group>";
		};
/* End PBXVariantGroup section */

/* Begin XCBuildConfiguration section */
		ED0EA5601E7E9307001B952C /* Debug */ = {
			isa = XCBuildConfiguration;
			buildSettings = {
				ALWAYS_SEARCH_USER_PATHS = NO;
				CLANG_ANALYZER_NONNULL = YES;
				CLANG_CXX_LANGUAGE_STANDARD = "gnu++0x";
				CLANG_CXX_LIBRARY = "libc++";
				CLANG_ENABLE_MODULES = YES;
				CLANG_ENABLE_OBJC_ARC = YES;
				CLANG_WARN_BOOL_CONVERSION = YES;
				CLANG_WARN_CONSTANT_CONVERSION = YES;
				CLANG_WARN_DIRECT_OBJC_ISA_USAGE = YES_ERROR;
				CLANG_WARN_DOCUMENTATION_COMMENTS = YES;
				CLANG_WARN_EMPTY_BODY = YES;
				CLANG_WARN_ENUM_CONVERSION = YES;
				CLANG_WARN_INFINITE_RECURSION = YES;
				CLANG_WARN_INT_CONVERSION = YES;
				CLANG_WARN_OBJC_ROOT_CLASS = YES_ERROR;
				CLANG_WARN_SUSPICIOUS_MOVE = YES;
				CLANG_WARN_UNREACHABLE_CODE = YES;
				CLANG_WARN__DUPLICATE_METHOD_MATCH = YES;
				"CODE_SIGN_IDENTITY[sdk=iphoneos*]" = "iPhone Developer";
				COPY_PHASE_STRIP = NO;
				DEBUG_INFORMATION_FORMAT = dwarf;
				ENABLE_STRICT_OBJC_MSGSEND = YES;
				ENABLE_TESTABILITY = YES;
				GCC_C_LANGUAGE_STANDARD = gnu99;
				GCC_DYNAMIC_NO_PIC = NO;
				GCC_NO_COMMON_BLOCKS = YES;
				GCC_OPTIMIZATION_LEVEL = 0;
				GCC_PREPROCESSOR_DEFINITIONS = (
					"DEBUG=1",
					"$(inherited)",
				);
				GCC_WARN_64_TO_32_BIT_CONVERSION = YES;
				GCC_WARN_ABOUT_RETURN_TYPE = YES_ERROR;
				GCC_WARN_UNDECLARED_SELECTOR = YES;
				GCC_WARN_UNINITIALIZED_AUTOS = YES_AGGRESSIVE;
				GCC_WARN_UNUSED_FUNCTION = YES;
				GCC_WARN_UNUSED_VARIABLE = YES;
				IPHONEOS_DEPLOYMENT_TARGET = 10.2;
				MTL_ENABLE_DEBUG_INFO = YES;
				ONLY_ACTIVE_ARCH = YES;
				SDKROOT = iphoneos;
				SWIFT_ACTIVE_COMPILATION_CONDITIONS = DEBUG;
				SWIFT_OPTIMIZATION_LEVEL = "-Onone";
			};
			name = Debug;
		};
		ED0EA5611E7E9307001B952C /* Release */ = {
			isa = XCBuildConfiguration;
			buildSettings = {
				ALWAYS_SEARCH_USER_PATHS = NO;
				CLANG_ANALYZER_NONNULL = YES;
				CLANG_CXX_LANGUAGE_STANDARD = "gnu++0x";
				CLANG_CXX_LIBRARY = "libc++";
				CLANG_ENABLE_MODULES = YES;
				CLANG_ENABLE_OBJC_ARC = YES;
				CLANG_WARN_BOOL_CONVERSION = YES;
				CLANG_WARN_CONSTANT_CONVERSION = YES;
				CLANG_WARN_DIRECT_OBJC_ISA_USAGE = YES_ERROR;
				CLANG_WARN_DOCUMENTATION_COMMENTS = YES;
				CLANG_WARN_EMPTY_BODY = YES;
				CLANG_WARN_ENUM_CONVERSION = YES;
				CLANG_WARN_INFINITE_RECURSION = YES;
				CLANG_WARN_INT_CONVERSION = YES;
				CLANG_WARN_OBJC_ROOT_CLASS = YES_ERROR;
				CLANG_WARN_SUSPICIOUS_MOVE = YES;
				CLANG_WARN_UNREACHABLE_CODE = YES;
				CLANG_WARN__DUPLICATE_METHOD_MATCH = YES;
				"CODE_SIGN_IDENTITY[sdk=iphoneos*]" = "iPhone Developer";
				COPY_PHASE_STRIP = NO;
				DEBUG_INFORMATION_FORMAT = "dwarf-with-dsym";
				ENABLE_NS_ASSERTIONS = NO;
				ENABLE_STRICT_OBJC_MSGSEND = YES;
				GCC_C_LANGUAGE_STANDARD = gnu99;
				GCC_NO_COMMON_BLOCKS = YES;
				GCC_WARN_64_TO_32_BIT_CONVERSION = YES;
				GCC_WARN_ABOUT_RETURN_TYPE = YES_ERROR;
				GCC_WARN_UNDECLARED_SELECTOR = YES;
				GCC_WARN_UNINITIALIZED_AUTOS = YES_AGGRESSIVE;
				GCC_WARN_UNUSED_FUNCTION = YES;
				GCC_WARN_UNUSED_VARIABLE = YES;
				IPHONEOS_DEPLOYMENT_TARGET = 10.2;
				MTL_ENABLE_DEBUG_INFO = NO;
				SDKROOT = iphoneos;
				SWIFT_OPTIMIZATION_LEVEL = "-Owholemodule";
				VALIDATE_PRODUCT = YES;
			};
			name = Release;
		};
		ED0EA5631E7E9307001B952C /* Debug */ = {
			isa = XCBuildConfiguration;
			buildSettings = {
				ASSETCATALOG_COMPILER_APPICON_NAME = AppIcon;
				DEVELOPMENT_TEAM = RVRG597GCP;
				INFOPLIST_FILE = "Wonderland-Easter-Egg/Info.plist";
				LD_RUNPATH_SEARCH_PATHS = "$(inherited) @executable_path/Frameworks";
				PRODUCT_BUNDLE_IDENTIFIER = "me.tomorning.Wonderland-Easter-Egg";
				PRODUCT_NAME = "$(TARGET_NAME)";
				SWIFT_VERSION = 3.0;
			};
			name = Debug;
		};
		ED0EA5641E7E9307001B952C /* Release */ = {
			isa = XCBuildConfiguration;
			buildSettings = {
				ASSETCATALOG_COMPILER_APPICON_NAME = AppIcon;
				DEVELOPMENT_TEAM = RVRG597GCP;
				INFOPLIST_FILE = "Wonderland-Easter-Egg/Info.plist";
				LD_RUNPATH_SEARCH_PATHS = "$(inherited) @executable_path/Frameworks";
				PRODUCT_BUNDLE_IDENTIFIER = "me.tomorning.Wonderland-Easter-Egg";
				PRODUCT_NAME = "$(TARGET_NAME)";
				SWIFT_VERSION = 3.0;
			};
			name = Release;
		};
/* End XCBuildConfiguration section */

/* Begin XCConfigurationList section */
		ED0EA54B1E7E9307001B952C /* Build configuration list for PBXProject "Wonderland-Easter-Egg" */ = {
			isa = XCConfigurationList;
			buildConfigurations = (
				ED0EA5601E7E9307001B952C /* Debug */,
				ED0EA5611E7E9307001B952C /* Release */,
			);
			defaultConfigurationIsVisible = 0;
			defaultConfigurationName = Release;
		};
		ED0EA5621E7E9307001B952C /* Build configuration list for PBXNativeTarget "Wonderland-Easter-Egg" */ = {
			isa = XCConfigurationList;
			buildConfigurations = (
				ED0EA5631E7E9307001B952C /* Debug */,
				ED0EA5641E7E9307001B952C /* Release */,
			);
			defaultConfigurationIsVisible = 0;
			defaultConfigurationName = Release;
		};
/* End XCConfigurationList section */
	};
	rootObject = ED0EA5481E7E9307001B952C /* Project object */;
}
